
Microsoft Visual Studio Solution File, Format Version 12.00
# Visual Studio Version 17
VisualStudioVersion = 17.1.32228.430
MinimumVisualStudioVersion = 10.0.40219.1
Project("{9A19103F-16F7-4668-BE54-9A1E7A4F7556}") = "LocationCapture", "LocationCapture\LocationCapture.csproj", "{D000DE80-0D8D-4E47-9E79-03CF9E538D11}"
EndProject
Project("{9A19103F-16F7-4668-BE54-9A1E7A4F7556}") = "LocationCapture.UnitTests", "LocationCapture.UnitTests\LocationCapture.UnitTests.csproj", "{C6B8665A-041B-4E25-A466-030C9B15B629}"
EndProject
Project("{9A19103F-16F7-4668-BE54-9A1E7A4F7556}") = "LocationCapture.IntegrationTests", "LocationCapture.IntegrationTests\LocationCapture.IntegrationTests.csproj", "{6CE931E3-FAC1-4430-BB90-31A875703EC0}"
EndProject
Project("{E53339B2-1760-4266-BCC7-CA923CBCF16C}") = "docker-compose", "docker-compose.dcproj", "{D45899ED-FD98-46DA-A2B6-6DC4B6599E60}"
EndProject
Global
	GlobalSection(SolutionConfigurationPlatforms) = preSolution
		Debug|Any CPU = Debug|Any CPU
		Release|Any CPU = Release|Any CPU
	EndGlobalSection
	GlobalSection(ProjectConfigurationPlatforms) = postSolution
		{D000DE80-0D8D-4E47-9E79-03CF9E538D11}.Debug|Any CPU.ActiveCfg = Debug|Any CPU
		{D000DE80-0D8D-4E47-9E79-03CF9E538D11}.Debug|Any CPU.Build.0 = Debug|Any CPU
		{D000DE80-0D8D-4E47-9E79-03CF9E538D11}.Release|Any CPU.ActiveCfg = Release|Any CPU
		{D000DE80-0D8D-4E47-9E79-03CF9E538D11}.Release|Any CPU.Build.0 = Release|Any CPU
		{C6B8665A-041B-4E25-A466-030C9B15B629}.Debug|Any CPU.ActiveCfg = Debug|Any CPU
		{C6B8665A-041B-4E25-A466-030C9B15B629}.Debug|Any CPU.Build.0 = Debug|Any CPU
		{C6B8665A-041B-4E25-A466-030C9B15B629}.Release|Any CPU.ActiveCfg = Release|Any CPU
		{C6B8665A-041B-4E25-A466-030C9B15B629}.Release|Any CPU.Build.0 = Release|Any CPU
		{6CE931E3-FAC1-4430-BB90-31A875703EC0}.Debug|Any CPU.ActiveCfg = Debug|Any CPU
		{6CE931E3-FAC1-4430-BB90-31A875703EC0}.Debug|Any CPU.Build.0 = Debug|Any CPU
		{6CE931E3-FAC1-4430-BB90-31A875703EC0}.Release|Any CPU.ActiveCfg = Release|Any CPU
		{6CE931E3-FAC1-4430-BB90-31A875703EC0}.Release|Any CPU.Build.0 = Release|Any CPU
		{D45899ED-FD98-46DA-A2B6-6DC4B6599E60}.Debug|Any CPU.ActiveCfg = Debug|Any CPU
		{D45899ED-FD98-46DA-A2B6-6DC4B6599E60}.Debug|Any CPU.Build.0 = Debug|Any CPU
		{D45899ED-FD98-46DA-A2B6-6DC4B6599E60}.Release|Any CPU.ActiveCfg = Release|Any CPU
		{D45899ED-FD98-46DA-A2B6-6DC4B6599E60}.Release|Any CPU.Build.0 = Release|Any CPU
	EndGlobalSection
	GlobalSection(SolutionProperties) = preSolution
		HideSolutionNode = FALSE
	EndGlobalSection
	GlobalSection(ExtensibilityGlobals) = postSolution
		SolutionGuid = {45AB8FC9-54BE-4162-9FC7-55AD45E14FC7}
	EndGlobalSection
EndGlobal
